{
  "name": "liana-app",
  "version": "0.0.1",
  "lockfileVersion": 3,
  "requires": true,
  "packages": {
    "": {
      "name": "liana-app",
      "version": "0.0.1",
      "bundleDependencies": [
        "lib",
        "pareto-core-application"
      ],
      "license": "Apache-2.0",
      "dependencies": {
        "lib": "file:../lib",
        "pareto-common": "^0.1.67",
        "pareto-core-application": "^0.1.0",
        "pareto-resource-filesystem-unrestricted": "^0.1.0",
        "pareto-resource-stream": "^0.1.0"
      },
      "bin": {
        "yabnf_to_railroad": "dist/bin.js"
      }
    },
    "../lib": {
      "name": "mmDSL",
      "version": "0.1.0",
      "license": "Apache-2.0",
      "dependencies": {
        "astn-core": "^0.5.0",
        "liana-core": "^0.1.58",
        "pareto-common": "^0.1.67",
        "pareto-core": "^0.1.0",
        "pareto-core-dev": "^0.12.25",
        "pareto-core-shorthands": "^0.2.0",
        "pareto-fountain-pen": "^0.4.0"
      },
      "engines": {
        "node": ">=14.0.0"
      }
    },
    "node_modules/lib": {
      "resolved": "../lib",
      "link": true
    },
    "node_modules/pareto-application-api": {
      "version": "0.1.9",
      "resolved": "https://registry.npmjs.org/pareto-application-api/-/pareto-application-api-0.1.9.tgz",
      "integrity": "sha512-RP6luiJ1wIgfymy42oC91lMYlPZ90j2wlDjfBMYnF5Ttkxc7ppI0qtEozYSQvB2FA6d3FEudum2EOF+feECQQQ==",
      "inBundle": true,
      "license": "Apache-2.0",
      "dependencies": {
        "pareto-core": "^0.1.0"
      }
    },
    "node_modules/pareto-common": {
      "version": "0.1.67",
      "resolved": "https://registry.npmjs.org/pareto-common/-/pareto-common-0.1.67.tgz",
      "integrity": "sha512-Q81Hf4g73aViVrz/4SOgs4LpT+EqRSotFKgyLI9DGHPK4NaJLPYRMlsfX4FLZSdR4IlzHwMsWceOK7DcfhIPBg==",
      "license": "Apache-2.0",
      "dependencies": {
        "pareto-application-api": "^0.1.0",
        "pareto-core": "^0.1.0",
        "pareto-filesystem-unrestricted-api": "^0.1.0",
        "pareto-fountain-pen": "^0.4.0",
        "pareto-stream-api": "^0.1.0"
      },
      "engines": {
        "node": ">=14.0.0"
      }
    },
    "node_modules/pareto-core": {
      "version": "0.1.320",
      "resolved": "https://registry.npmjs.org/pareto-core/-/pareto-core-0.1.320.tgz",
      "integrity": "sha512-AlYojj4Kd3+SlSlkMeJuK162t1F4Z4rvK6ALr86/sOkEzILAgj8FmWQOFod/Cu/dSmZWsHTMi2iJw8PaJK3gSA==",
      "inBundle": true,
      "license": "Apache-2.0"
    },
    "node_modules/pareto-core-application": {
      "version": "0.1.2",
      "resolved": "https://registry.npmjs.org/pareto-core-application/-/pareto-core-application-0.1.2.tgz",
      "integrity": "sha512-AkxAPnBdNqfNILrprQ3NyTCGCwDoVMDLnPxm75th4n2zJmKDnZTiS8olsmV8i/1qrjcDBI6rKyjY4iycu205BA==",
      "inBundle": true,
      "license": "Apache-2.0",
      "dependencies": {
        "pareto-application-api": "^0.1.0"
      }
    },
    "node_modules/pareto-core-shorthands": {
      "version": "0.2.62",
      "resolved": "https://registry.npmjs.org/pareto-core-shorthands/-/pareto-core-shorthands-0.2.62.tgz",
      "integrity": "sha512-/SJvh+7MYb3XXZOwnO6OrdeSYQwRzT8iyeWGBReOqYZSr70OFQswA+IJdhE9imNtVn0oG5SuVmVLS9ZM97sbHQ==",
      "license": "Apache-2.0",
      "dependencies": {
        "pareto-core": "^0.1.0"
      }
    },
    "node_modules/pareto-filesystem-unrestricted-api": {
      "version": "0.1.36",
      "resolved": "https://registry.npmjs.org/pareto-filesystem-unrestricted-api/-/pareto-filesystem-unrestricted-api-0.1.36.tgz",
      "integrity": "sha512-zfG3gLbfB4muiovkVvXvE/rDwu/M2Fr/uw/qBsJC22IdxrXGOvDOB6WT6mrKNNxBxEuuO33bA+3x/kgLC+2EaA==",
      "license": "Apache-2.0",
      "dependencies": {
        "pareto-core": "^0.1.0",
        "pareto-fountain-pen": "^0.4.0"
      }
    },
    "node_modules/pareto-fountain-pen": {
      "version": "0.4.118",
      "resolved": "https://registry.npmjs.org/pareto-fountain-pen/-/pareto-fountain-pen-0.4.118.tgz",
      "integrity": "sha512-BeKeeph2nQnbvXuHxRVyB1a8ie3twKyVIV1pJL6R5kisISk1HJCt8cv3SMcKUAAzUHDjdGd5EJFgQKp33Jp4/w==",
      "license": "Apache-2.0",
      "dependencies": {
        "pareto-core": "^0.1.0",
        "pareto-core-shorthands": "^0.2.0"
      },
      "engines": {
        "node": ">=14.0.0"
      }
    },
    "node_modules/pareto-resource-filesystem-unrestricted": {
      "version": "0.1.18",
      "resolved": "https://registry.npmjs.org/pareto-resource-filesystem-unrestricted/-/pareto-resource-filesystem-unrestricted-0.1.18.tgz",
      "integrity": "sha512-dIxRjkw8DE7kGoveP6CIv3fbJhrLV63hYTlUYaM6NvBymtjpPR1BowQPqNukBox5Hp9ro8DqS5EHYfaW5hqMZQ==",
      "license": "Apache-2.0",
      "dependencies": {
        "pareto-core": "^0.1.0",
        "pareto-filesystem-unrestricted-api": "^0.1.0"
      },
      "engines": {
        "node": ">=14.0.0"
      }
    },
    "node_modules/pareto-resource-stream": {
      "version": "0.1.19",
      "resolved": "https://registry.npmjs.org/pareto-resource-stream/-/pareto-resource-stream-0.1.19.tgz",
      "integrity": "sha512-699hAuzG9hbVV96l0xMAie+UDOlYWyjHTc3WWGGV9f1rmBo1P2b6Ohqiubiw2W7cae9/WOScUJrwpcZGCHCrEg==",
      "license": "Apache-2.0",
      "dependencies": {
        "pareto-core": "^0.1.0",
        "pareto-stream-api": "^0.1.0"
      },
      "engines": {
        "node": ">=14.0.0"
      }
    },
    "node_modules/pareto-stream-api": {
      "version": "0.1.39",
      "resolved": "https://registry.npmjs.org/pareto-stream-api/-/pareto-stream-api-0.1.39.tgz",
      "integrity": "sha512-8dlFhM03ggNJjb2ZD7kX3bXfzEhJUYvErLJe/Uijh9y5eqWQGLAYF9A0IaMEqn65aXDJiFkLeBsOcTQGQ7enIg==",
      "license": "Apache-2.0",
      "dependencies": {
        "pareto-core": "^0.1.0"
      }
    }
  }
}
