{
  "name": "mmDSL",
  "version": "0.1.0",
  "lockfileVersion": 3,
  "requires": true,
  "packages": {
    "": {
      "name": "mmDSL",
      "version": "0.1.0",
      "license": "Apache-2.0",
      "dependencies": {
        "astn-core": "^0.5.0",
        "liana-core": "^0.1.58",
        "pareto-common": "^0.1.67",
        "pareto-core": "^0.1.0",
        "pareto-core-dev": "^0.12.25",
        "pareto-core-shorthands": "^0.2.0",
        "pareto-fountain-pen": "^0.4.0"
      },
      "engines": {
        "node": ">=14.0.0"
      }
    },
    "node_modules/astn-core": {
      "version": "0.5.158",
      "resolved": "https://registry.npmjs.org/astn-core/-/astn-core-0.5.158.tgz",
      "integrity": "sha512-xrf02JQBjEXALguyw3O1L/z+AiFWhqeIZ5dIWrnv9hwyLl08IJoC6JrALm7CsYVr2EuUI5K2bGTB3SeDUt+B6g==",
      "license": "Apache-2.0",
      "dependencies": {
        "pareto-core": "^0.1.319",
        "pareto-fountain-pen": "^0.4.0"
      }
    },
    "node_modules/liana-core": {
      "version": "0.1.60",
      "resolved": "https://registry.npmjs.org/liana-core/-/liana-core-0.1.60.tgz",
      "integrity": "sha512-lF7wzu11sbNiX5GfXYGZRdy09uDFM7hTW+90rlynpJsgNksU93FyDSaglQf0nsn3cLg9/5UmJEEvZ3Mgo+L7RQ==",
      "license": "Apache-2.0",
      "dependencies": {
        "astn-core": "^0.5.0",
        "pareto-core": "^0.1.0",
        "pareto-fountain-pen": "^0.4.0"
      }
    },
    "node_modules/pareto-application-api": {
      "version": "0.1.9",
      "resolved": "https://registry.npmjs.org/pareto-application-api/-/pareto-application-api-0.1.9.tgz",
      "integrity": "sha512-RP6luiJ1wIgfymy42oC91lMYlPZ90j2wlDjfBMYnF5Ttkxc7ppI0qtEozYSQvB2FA6d3FEudum2EOF+feECQQQ==",
      "license": "Apache-2.0",
      "dependencies": {
        "pareto-core": "^0.1.0"
      }
    },
    "node_modules/pareto-common": {
      "version": "0.1.67",
      "resolved": "https://registry.npmjs.org/pareto-common/-/pareto-common-0.1.67.tgz",
      "integrity": "sha512-Q81Hf4g73aViVrz/4SOgs4LpT+EqRSotFKgyLI9DGHPK4NaJLPYRMlsfX4FLZSdR4IlzHwMsWceOK7DcfhIPBg==",
      "license": "Apache-2.0",
      "dependencies": {
        "pareto-application-api": "^0.1.0",
        "pareto-core": "^0.1.0",
        "pareto-filesystem-unrestricted-api": "^0.1.0",
        "pareto-fountain-pen": "^0.4.0",
        "pareto-stream-api": "^0.1.0"
      },
      "engines": {
        "node": ">=14.0.0"
      }
    },
    "node_modules/pareto-core": {
      "version": "0.1.320",
      "resolved": "https://registry.npmjs.org/pareto-core/-/pareto-core-0.1.320.tgz",
      "integrity": "sha512-AlYojj4Kd3+SlSlkMeJuK162t1F4Z4rvK6ALr86/sOkEzILAgj8FmWQOFod/Cu/dSmZWsHTMi2iJw8PaJK3gSA==",
      "license": "Apache-2.0"
    },
    "node_modules/pareto-core-dev": {
      "version": "0.12.25",
      "resolved": "https://registry.npmjs.org/pareto-core-dev/-/pareto-core-dev-0.12.25.tgz",
      "integrity": "sha512-uHoN4nh9z1YsqkSA3vlsd6uSe1b237aXhmbRKGvX/gAd/s058/8Vb58526mqs9vWgaiF7u5JoPbFEYCbV1zFhw==",
      "license": "Apache-2.0",
      "dependencies": {
        "pareto-core": "^0.1.0"
      }
    },
    "node_modules/pareto-core-shorthands": {
      "version": "0.2.62",
      "resolved": "https://registry.npmjs.org/pareto-core-shorthands/-/pareto-core-shorthands-0.2.62.tgz",
      "integrity": "sha512-/SJvh+7MYb3XXZOwnO6OrdeSYQwRzT8iyeWGBReOqYZSr70OFQswA+IJdhE9imNtVn0oG5SuVmVLS9ZM97sbHQ==",
      "license": "Apache-2.0",
      "dependencies": {
        "pareto-core": "^0.1.0"
      }
    },
    "node_modules/pareto-filesystem-unrestricted-api": {
      "version": "0.1.36",
      "resolved": "https://registry.npmjs.org/pareto-filesystem-unrestricted-api/-/pareto-filesystem-unrestricted-api-0.1.36.tgz",
      "integrity": "sha512-zfG3gLbfB4muiovkVvXvE/rDwu/M2Fr/uw/qBsJC22IdxrXGOvDOB6WT6mrKNNxBxEuuO33bA+3x/kgLC+2EaA==",
      "license": "Apache-2.0",
      "dependencies": {
        "pareto-core": "^0.1.0",
        "pareto-fountain-pen": "^0.4.0"
      }
    },
    "node_modules/pareto-fountain-pen": {
      "version": "0.4.118",
      "resolved": "https://registry.npmjs.org/pareto-fountain-pen/-/pareto-fountain-pen-0.4.118.tgz",
      "integrity": "sha512-BeKeeph2nQnbvXuHxRVyB1a8ie3twKyVIV1pJL6R5kisISk1HJCt8cv3SMcKUAAzUHDjdGd5EJFgQKp33Jp4/w==",
      "license": "Apache-2.0",
      "dependencies": {
        "pareto-core": "^0.1.0",
        "pareto-core-shorthands": "^0.2.0"
      },
      "engines": {
        "node": ">=14.0.0"
      }
    },
    "node_modules/pareto-stream-api": {
      "version": "0.1.39",
      "resolved": "https://registry.npmjs.org/pareto-stream-api/-/pareto-stream-api-0.1.39.tgz",
      "integrity": "sha512-8dlFhM03ggNJjb2ZD7kX3bXfzEhJUYvErLJe/Uijh9y5eqWQGLAYF9A0IaMEqn65aXDJiFkLeBsOcTQGQ7enIg==",
      "license": "Apache-2.0",
      "dependencies": {
        "pareto-core": "^0.1.0"
      }
    }
  }
}
