{
  "name": "@pareto-transformer/yabnf.sketch_to_railroad-diagrams-generator.sketch",
  "version": "0.1.0",
  "lockfileVersion": 3,
  "requires": true,
  "packages": {
    "": {
      "name": "@pareto-transformer/yabnf.sketch_to_railroad-diagrams-generator.sketch",
      "version": "0.1.0",
      "dependencies": {
        "liana-core": "^0.1.60",
        "pareto-core-application": "^0.1.3"
      },
      "bin": {
        "yabnf.sketch_to_railroad-diagrams-generator.sketch": "dist/index.generated.js"
      }
    },
    "node_modules/astn-core": {
      "version": "0.5.158",
      "resolved": "https://registry.npmjs.org/astn-core/-/astn-core-0.5.158.tgz",
      "integrity": "sha512-xrf02JQBjEXALguyw3O1L/z+AiFWhqeIZ5dIWrnv9hwyLl08IJoC6JrALm7CsYVr2EuUI5K2bGTB3SeDUt+B6g==",
      "license": "Apache-2.0",
      "dependencies": {
        "pareto-core": "^0.1.319",
        "pareto-fountain-pen": "^0.4.0"
      }
    },
    "node_modules/liana-core": {
      "version": "0.1.60",
      "resolved": "https://registry.npmjs.org/liana-core/-/liana-core-0.1.60.tgz",
      "integrity": "sha512-lF7wzu11sbNiX5GfXYGZRdy09uDFM7hTW+90rlynpJsgNksU93FyDSaglQf0nsn3cLg9/5UmJEEvZ3Mgo+L7RQ==",
      "license": "Apache-2.0",
      "dependencies": {
        "astn-core": "^0.5.0",
        "pareto-core": "^0.1.0",
        "pareto-fountain-pen": "^0.4.0"
      }
    },
    "node_modules/pareto-application-api": {
      "version": "0.1.9",
      "resolved": "https://registry.npmjs.org/pareto-application-api/-/pareto-application-api-0.1.9.tgz",
      "integrity": "sha512-RP6luiJ1wIgfymy42oC91lMYlPZ90j2wlDjfBMYnF5Ttkxc7ppI0qtEozYSQvB2FA6d3FEudum2EOF+feECQQQ==",
      "license": "Apache-2.0",
      "dependencies": {
        "pareto-core": "^0.1.0"
      }
    },
    "node_modules/pareto-core": {
      "version": "0.1.321",
      "resolved": "https://registry.npmjs.org/pareto-core/-/pareto-core-0.1.321.tgz",
      "integrity": "sha512-4C9e7ONj0JXFUOwDf14h3yGwbIh8lsq1YgBHRlFqKiuhsjREDn/teQ4B+GbiAE0l7qLgg94z5+cwuo3accXjDg==",
      "license": "Apache-2.0"
    },
    "node_modules/pareto-core-application": {
      "version": "0.1.3",
      "resolved": "https://registry.npmjs.org/pareto-core-application/-/pareto-core-application-0.1.3.tgz",
      "integrity": "sha512-1zTyPhgJmzrA0yVi7ompKzkbk3swFc68behWJqPdmf7boHwDbe+UEt9qPOtb8lfhX5d4EoQbFgKwFrNhXpjiKQ==",
      "license": "Apache-2.0",
      "dependencies": {
        "pareto-application-api": "^0.1.0"
      }
    },
    "node_modules/pareto-core-shorthands": {
      "version": "0.2.62",
      "resolved": "https://registry.npmjs.org/pareto-core-shorthands/-/pareto-core-shorthands-0.2.62.tgz",
      "integrity": "sha512-/SJvh+7MYb3XXZOwnO6OrdeSYQwRzT8iyeWGBReOqYZSr70OFQswA+IJdhE9imNtVn0oG5SuVmVLS9ZM97sbHQ==",
      "license": "Apache-2.0",
      "dependencies": {
        "pareto-core": "^0.1.0"
      }
    },
    "node_modules/pareto-fountain-pen": {
      "version": "0.4.118",
      "resolved": "https://registry.npmjs.org/pareto-fountain-pen/-/pareto-fountain-pen-0.4.118.tgz",
      "integrity": "sha512-BeKeeph2nQnbvXuHxRVyB1a8ie3twKyVIV1pJL6R5kisISk1HJCt8cv3SMcKUAAzUHDjdGd5EJFgQKp33Jp4/w==",
      "license": "Apache-2.0",
      "dependencies": {
        "pareto-core": "^0.1.0",
        "pareto-core-shorthands": "^0.2.0"
      },
      "engines": {
        "node": ">=14.0.0"
      }
    }
  }
}
